{
    "version": 3,
    "terraform_version": "0.10.7",
    "serial": 48,
    "lineage": "fbc7b766-45a0-475e-ab66-a8cb08a84f87",
    "modules": [
        {
            "path": [
                "root"
            ],
            "outputs": {},
            "resources": {
                "aws_alb.alb_usml": {
                    "type": "aws_alb",
                    "depends_on": [],
                    "primary": {
                        "id": "arn:aws:elasticloadbalancing:eu-west-1:674520542290:loadbalancer/app/ALBUSML/e752996da768ca21",
                        "attributes": {
                            "access_logs.#": "1",
                            "access_logs.0.bucket": "",
                            "access_logs.0.enabled": "false",
                            "access_logs.0.prefix": "",
                            "arn": "arn:aws:elasticloadbalancing:eu-west-1:674520542290:loadbalancer/app/ALBUSML/e752996da768ca21",
                            "arn_suffix": "app/ALBUSML/e752996da768ca21",
                            "dns_name": "ALBUSML-1410632175.eu-west-1.elb.amazonaws.com",
                            "enable_deletion_protection": "false",
                            "enable_http2": "true",
                            "id": "arn:aws:elasticloadbalancing:eu-west-1:674520542290:loadbalancer/app/ALBUSML/e752996da768ca21",
                            "idle_timeout": "60",
                            "internal": "false",
                            "ip_address_type": "ipv4",
                            "load_balancer_type": "application",
                            "name": "ALBUSML",
                            "security_groups.#": "1",
                            "security_groups.2001548697": "sg-0b26558a65fa955b7",
                            "subnet_mapping.#": "2",
                            "subnet_mapping.2454208009.allocation_id": "",
                            "subnet_mapping.2454208009.subnet_id": "subnet-8b3f36ee",
                            "subnet_mapping.4263434811.allocation_id": "",
                            "subnet_mapping.4263434811.subnet_id": "subnet-f23e77ab",
                            "subnets.#": "2",
                            "subnets.2514150087": "subnet-8b3f36ee",
                            "subnets.3316333971": "subnet-f23e77ab",
                            "tags.%": "1",
                            "tags.Name": "ALB-USML",
                            "vpc_id": "vpc-75133410",
                            "zone_id": "Z32O12XQLNTSW2"
                        },
                        "meta": {
                            "e2bfb730-ecaa-11e6-8f88-34363bc7c4c0": {
                                "create": 600000000000,
                                "delete": 600000000000,
                                "update": 600000000000
                            }
                        },
                        "tainted": false
                    },
                    "deposed": [],
                    "provider": ""
                },
                "aws_alb_listener.USML8081Listener": {
                    "type": "aws_alb_listener",
                    "depends_on": [
                        "aws_alb.alb_usml",
                        "aws_alb_target_group.AlbTargetGroup8081"
                    ],
                    "primary": {
                        "id": "arn:aws:elasticloadbalancing:eu-west-1:674520542290:listener/app/ALBUSML/e752996da768ca21/ab669ffdaf7cf608",
                        "attributes": {
                            "arn": "arn:aws:elasticloadbalancing:eu-west-1:674520542290:listener/app/ALBUSML/e752996da768ca21/ab669ffdaf7cf608",
                            "default_action.#": "1",
                            "default_action.0.authenticate_cognito.#": "0",
                            "default_action.0.authenticate_oidc.#": "0",
                            "default_action.0.fixed_response.#": "0",
                            "default_action.0.order": "1",
                            "default_action.0.redirect.#": "0",
                            "default_action.0.target_group_arn": "arn:aws:elasticloadbalancing:eu-west-1:674520542290:targetgroup/USMLAlbTargetGroup8081/ceaa6d008feb3e9d",
                            "default_action.0.type": "forward",
                            "id": "arn:aws:elasticloadbalancing:eu-west-1:674520542290:listener/app/ALBUSML/e752996da768ca21/ab669ffdaf7cf608",
                            "load_balancer_arn": "arn:aws:elasticloadbalancing:eu-west-1:674520542290:loadbalancer/app/ALBUSML/e752996da768ca21",
                            "port": "8081",
                            "protocol": "HTTP",
                            "ssl_policy": ""
                        },
                        "meta": {
                            "e2bfb730-ecaa-11e6-8f88-34363bc7c4c0": {
                                "read": 600000000000
                            }
                        },
                        "tainted": false
                    },
                    "deposed": [],
                    "provider": ""
                },
                "aws_alb_target_group.AlbTargetGroup8081": {
                    "type": "aws_alb_target_group",
                    "depends_on": [],
                    "primary": {
                        "id": "arn:aws:elasticloadbalancing:eu-west-1:674520542290:targetgroup/USMLAlbTargetGroup8081/ceaa6d008feb3e9d",
                        "attributes": {
                            "arn": "arn:aws:elasticloadbalancing:eu-west-1:674520542290:targetgroup/USMLAlbTargetGroup8081/ceaa6d008feb3e9d",
                            "arn_suffix": "targetgroup/USMLAlbTargetGroup8081/ceaa6d008feb3e9d",
                            "deregistration_delay": "300",
                            "health_check.#": "1",
                            "health_check.0.enabled": "true",
                            "health_check.0.healthy_threshold": "5",
                            "health_check.0.interval": "30",
                            "health_check.0.matcher": "200",
                            "health_check.0.path": "/services/UMSL",
                            "health_check.0.port": "traffic-port",
                            "health_check.0.protocol": "HTTP",
                            "health_check.0.timeout": "5",
                            "health_check.0.unhealthy_threshold": "2",
                            "id": "arn:aws:elasticloadbalancing:eu-west-1:674520542290:targetgroup/USMLAlbTargetGroup8081/ceaa6d008feb3e9d",
                            "lambda_multi_value_headers_enabled": "false",
                            "name": "USMLAlbTargetGroup8081",
                            "port": "8081",
                            "protocol": "HTTP",
                            "proxy_protocol_v2": "false",
                            "slow_start": "0",
                            "stickiness.#": "1",
                            "stickiness.0.cookie_duration": "86400",
                            "stickiness.0.enabled": "false",
                            "stickiness.0.type": "lb_cookie",
                            "tags.%": "0",
                            "target_type": "ip",
                            "vpc_id": "vpc-75133410"
                        },
                        "meta": {},
                        "tainted": false
                    },
                    "deposed": [],
                    "provider": ""
                },
                "aws_cloudwatch_event_rule.change": {
                    "type": "aws_cloudwatch_event_rule",
                    "depends_on": [],
                    "primary": {
                        "id": "USMLBranchChanges",
                        "attributes": {
                            "arn": "arn:aws:events:eu-west-1:674520542290:rule/USMLBranchChanges",
                            "description": "usmlBranchChanges",
                            "event_pattern": "{\"detail\":{\"event\":[\"referenceCreated\",\"referenceUpdated\"],\"referenceName\":[\"master\"],\"referenceType\":[\"branch\"]},\"detail-type\":[\"CodeCommit Repository State Change\"],\"resources\":[\"arn:aws:codecommit:eu-west-1:674520542290:USML\"],\"source\":[\"aws.codecommit\"]}",
                            "id": "USMLBranchChanges",
                            "is_enabled": "true",
                            "name": "USMLBranchChanges",
                            "role_arn": "",
                            "schedule_expression": "",
                            "tags.%": "0"
                        },
                        "meta": {},
                        "tainted": false
                    },
                    "deposed": [],
                    "provider": ""
                },
                "aws_cloudwatch_event_target.trigger_codepipeline": {
                    "type": "aws_cloudwatch_event_target",
                    "depends_on": [
                        "aws_cloudwatch_event_rule.change"
                    ],
                    "primary": {
                        "id": "USMLBranchChanges-terraform-20190806083824535800000001",
                        "attributes": {
                            "arn": "arn:aws:codepipeline:eu-west-1:674520542290:USML",
                            "id": "USMLBranchChanges-terraform-20190806083824535800000001",
                            "input": "",
                            "input_path": "",
                            "role_arn": "arn:aws:iam::674520542290:role/AWS-CodePipeline-Service",
                            "rule": "USMLBranchChanges",
                            "target_id": "terraform-20190806083824535800000001"
                        },
                        "meta": {},
                        "tainted": false
                    },
                    "deposed": [],
                    "provider": ""
                },
                "aws_codebuild_project.deploy": {
                    "type": "aws_codebuild_project",
                    "depends_on": [],
                    "primary": {
                        "id": "arn:aws:codebuild:eu-west-1:674520542290:project/deploy-project",
                        "attributes": {
                            "arn": "arn:aws:codebuild:eu-west-1:674520542290:project/deploy-project",
                            "artifacts.#": "1",
                            "artifacts.0.encryption_disabled": "false",
                            "artifacts.0.location": "",
                            "artifacts.0.name": "",
                            "artifacts.0.namespace_type": "",
                            "artifacts.0.override_artifact_name": "false",
                            "artifacts.0.packaging": "",
                            "artifacts.0.path": "",
                            "artifacts.0.type": "NO_ARTIFACTS",
                            "badge_enabled": "false",
                            "badge_url": "",
                            "build_timeout": "60",
                            "cache.#": "1",
                            "cache.0.location": "",
                            "cache.0.modes.#": "0",
                            "cache.0.type": "NO_CACHE",
                            "description": "deploy_project",
                            "encryption_key": "arn:aws:kms:eu-west-1:674520542290:alias/aws/s3",
                            "environment.#": "1",
                            "environment.3104559394.certificate": "",
                            "environment.3104559394.compute_type": "BUILD_GENERAL1_MEDIUM",
                            "environment.3104559394.environment_variable.#": "0",
                            "environment.3104559394.image": "aws/codebuild/standard:2.0",
                            "environment.3104559394.image_pull_credentials_type": "CODEBUILD",
                            "environment.3104559394.privileged_mode": "true",
                            "environment.3104559394.registry_credential.#": "0",
                            "environment.3104559394.type": "LINUX_CONTAINER",
                            "id": "arn:aws:codebuild:eu-west-1:674520542290:project/deploy-project",
                            "logs_config.#": "0",
                            "name": "deploy-project",
                            "secondary_artifacts.#": "0",
                            "secondary_sources.#": "0",
                            "service_role": "arn:aws:iam::674520542290:role/AWS-CodePipeline-Service",
                            "source.#": "1",
                            "source.2359309493.auth.#": "0",
                            "source.2359309493.buildspec": "Pipeline/Deploy/buildspec.yaml",
                            "source.2359309493.git_clone_depth": "0",
                            "source.2359309493.insecure_ssl": "false",
                            "source.2359309493.location": "https://git-codecommit.eu-west-1.amazonaws.com/v1/repos/USML",
                            "source.2359309493.report_build_status": "false",
                            "source.2359309493.type": "CODECOMMIT",
                            "tags.%": "1",
                            "tags.Environment": "deploy-project",
                            "vpc_config.#": "0"
                        },
                        "meta": {},
                        "tainted": false
                    },
                    "deposed": [],
                    "provider": ""
                },
                "aws_codebuild_project.usml": {
                    "type": "aws_codebuild_project",
                    "depends_on": [],
                    "primary": {
                        "id": "arn:aws:codebuild:eu-west-1:674520542290:project/usml-project",
                        "attributes": {
                            "arn": "arn:aws:codebuild:eu-west-1:674520542290:project/usml-project",
                            "artifacts.#": "1",
                            "artifacts.0.encryption_disabled": "false",
                            "artifacts.0.location": "",
                            "artifacts.0.name": "",
                            "artifacts.0.namespace_type": "",
                            "artifacts.0.override_artifact_name": "false",
                            "artifacts.0.packaging": "",
                            "artifacts.0.path": "",
                            "artifacts.0.type": "NO_ARTIFACTS",
                            "badge_enabled": "false",
                            "badge_url": "",
                            "build_timeout": "60",
                            "cache.#": "1",
                            "cache.0.location": "",
                            "cache.0.modes.#": "0",
                            "cache.0.type": "NO_CACHE",
                            "description": "usml_project",
                            "encryption_key": "arn:aws:kms:eu-west-1:674520542290:alias/aws/s3",
                            "environment.#": "1",
                            "environment.3104559394.certificate": "",
                            "environment.3104559394.compute_type": "BUILD_GENERAL1_MEDIUM",
                            "environment.3104559394.environment_variable.#": "0",
                            "environment.3104559394.image": "aws/codebuild/standard:2.0",
                            "environment.3104559394.image_pull_credentials_type": "CODEBUILD",
                            "environment.3104559394.privileged_mode": "true",
                            "environment.3104559394.registry_credential.#": "0",
                            "environment.3104559394.type": "LINUX_CONTAINER",
                            "id": "arn:aws:codebuild:eu-west-1:674520542290:project/usml-project",
                            "logs_config.#": "0",
                            "name": "usml-project",
                            "secondary_artifacts.#": "0",
                            "secondary_sources.#": "0",
                            "service_role": "arn:aws:iam::674520542290:role/AWS-CodePipeline-Service",
                            "source.#": "1",
                            "source.4087988026.auth.#": "0",
                            "source.4087988026.buildspec": "buildspec.yaml",
                            "source.4087988026.git_clone_depth": "0",
                            "source.4087988026.insecure_ssl": "false",
                            "source.4087988026.location": "https://git-codecommit.eu-west-1.amazonaws.com/v1/repos/USML",
                            "source.4087988026.report_build_status": "false",
                            "source.4087988026.type": "CODECOMMIT",
                            "tags.%": "1",
                            "tags.Environment": "usml-project",
                            "vpc_config.#": "0"
                        },
                        "meta": {},
                        "tainted": false
                    },
                    "deposed": [],
                    "provider": ""
                },
                "aws_codepipeline.codepipeline": {
                    "type": "aws_codepipeline",
                    "depends_on": [],
                    "primary": {
                        "id": "USML",
                        "attributes": {
                            "arn": "arn:aws:codepipeline:eu-west-1:674520542290:USML",
                            "artifact_store.#": "1",
                            "artifact_store.0.encryption_key.#": "0",
                            "artifact_store.0.location": "outputbuckettonge",
                            "artifact_store.0.type": "S3",
                            "id": "USML",
                            "name": "USML",
                            "role_arn": "arn:aws:iam::674520542290:role/AWS-CodePipeline-Service",
                            "stage.#": "3",
                            "stage.0.action.#": "1",
                            "stage.0.action.0.category": "Source",
                            "stage.0.action.0.configuration.%": "3",
                            "stage.0.action.0.configuration.BranchName": "master",
                            "stage.0.action.0.configuration.PollForSourceChanges": "false",
                            "stage.0.action.0.configuration.RepositoryName": "USML",
                            "stage.0.action.0.input_artifacts.#": "0",
                            "stage.0.action.0.name": "Source",
                            "stage.0.action.0.output_artifacts.#": "1",
                            "stage.0.action.0.output_artifacts.0": "source_output",
                            "stage.0.action.0.owner": "AWS",
                            "stage.0.action.0.provider": "CodeCommit",
                            "stage.0.action.0.role_arn": "",
                            "stage.0.action.0.run_order": "1",
                            "stage.0.action.0.version": "1",
                            "stage.0.name": "Source",
                            "stage.1.action.#": "1",
                            "stage.1.action.0.category": "Build",
                            "stage.1.action.0.configuration.%": "1",
                            "stage.1.action.0.configuration.ProjectName": "usml-project",
                            "stage.1.action.0.input_artifacts.#": "1",
                            "stage.1.action.0.input_artifacts.0": "source_output",
                            "stage.1.action.0.name": "Build",
                            "stage.1.action.0.output_artifacts.#": "1",
                            "stage.1.action.0.output_artifacts.0": "build_output",
                            "stage.1.action.0.owner": "AWS",
                            "stage.1.action.0.provider": "CodeBuild",
                            "stage.1.action.0.role_arn": "",
                            "stage.1.action.0.run_order": "1",
                            "stage.1.action.0.version": "1",
                            "stage.1.name": "Build",
                            "stage.2.action.#": "1",
                            "stage.2.action.0.category": "Build",
                            "stage.2.action.0.configuration.%": "1",
                            "stage.2.action.0.configuration.ProjectName": "deploy-project",
                            "stage.2.action.0.input_artifacts.#": "1",
                            "stage.2.action.0.input_artifacts.0": "source_output",
                            "stage.2.action.0.name": "Deploy",
                            "stage.2.action.0.output_artifacts.#": "0",
                            "stage.2.action.0.owner": "AWS",
                            "stage.2.action.0.provider": "CodeBuild",
                            "stage.2.action.0.role_arn": "",
                            "stage.2.action.0.run_order": "1",
                            "stage.2.action.0.version": "1",
                            "stage.2.name": "DeployToProd",
                            "tags.%": "0"
                        },
                        "meta": {},
                        "tainted": false
                    },
                    "deposed": [],
                    "provider": ""
                },
                "aws_ecs_cluster.usml_cluster": {
                    "type": "aws_ecs_cluster",
                    "depends_on": [],
                    "primary": {
                        "id": "arn:aws:ecs:eu-west-1:674520542290:cluster/usml_cluster",
                        "attributes": {
                            "arn": "arn:aws:ecs:eu-west-1:674520542290:cluster/usml_cluster",
                            "id": "arn:aws:ecs:eu-west-1:674520542290:cluster/usml_cluster",
                            "name": "usml_cluster",
                            "tags.%": "0"
                        },
                        "meta": {},
                        "tainted": false
                    },
                    "deposed": [],
                    "provider": ""
                },
                "aws_ecs_service.usml_service": {
                    "type": "aws_ecs_service",
                    "depends_on": [
                        "aws_alb_target_group.AlbTargetGroup8081",
                        "aws_ecs_cluster.usml_cluster",
                        "aws_ecs_task_definition.taskdef"
                    ],
                    "primary": {
                        "id": "arn:aws:ecs:eu-west-1:674520542290:service/usmlservice",
                        "attributes": {
                            "cluster": "usml_cluster",
                            "deployment_controller.#": "1",
                            "deployment_controller.0.type": "ECS",
                            "deployment_maximum_percent": "200",
                            "deployment_minimum_healthy_percent": "100",
                            "desired_count": "1",
                            "enable_ecs_managed_tags": "false",
                            "health_check_grace_period_seconds": "0",
                            "iam_role": "aws-service-role",
                            "id": "arn:aws:ecs:eu-west-1:674520542290:service/usmlservice",
                            "launch_type": "FARGATE",
                            "load_balancer.#": "1",
                            "load_balancer.578490232.container_name": "usml-app-container",
                            "load_balancer.578490232.container_port": "8081",
                            "load_balancer.578490232.elb_name": "",
                            "load_balancer.578490232.target_group_arn": "arn:aws:elasticloadbalancing:eu-west-1:674520542290:targetgroup/USMLAlbTargetGroup8081/ceaa6d008feb3e9d",
                            "name": "usmlservice",
                            "network_configuration.#": "1",
                            "network_configuration.0.assign_public_ip": "true",
                            "network_configuration.0.security_groups.#": "1",
                            "network_configuration.0.security_groups.2001548697": "sg-0b26558a65fa955b7",
                            "network_configuration.0.subnets.#": "2",
                            "network_configuration.0.subnets.2514150087": "subnet-8b3f36ee",
                            "network_configuration.0.subnets.3316333971": "subnet-f23e77ab",
                            "ordered_placement_strategy.#": "0",
                            "placement_constraints.#": "0",
                            "placement_strategy.#": "0",
                            "platform_version": "LATEST",
                            "propagate_tags": "NONE",
                            "scheduling_strategy": "REPLICA",
                            "service_registries.#": "0",
                            "tags.%": "0",
                            "task_definition": "usmltaskdef:3"
                        },
                        "meta": {},
                        "tainted": false
                    },
                    "deposed": [],
                    "provider": ""
                },
                "aws_ecs_task_definition.taskdef": {
                    "type": "aws_ecs_task_definition",
                    "depends_on": [],
                    "primary": {
                        "id": "usmltaskdef",
                        "attributes": {
                            "arn": "arn:aws:ecs:eu-west-1:674520542290:task-definition/usmltaskdef:3",
                            "container_definitions": "[{\"cpu\":0,\"environment\":[],\"essential\":true,\"image\":\"674520542290.dkr.ecr.eu-west-1.amazonaws.com/umsl:latest\",\"logConfiguration\":{\"logDriver\":\"awslogs\",\"options\":{\"awslogs-group\":\"/ecs/umsl\",\"awslogs-region\":\"eu-west-1\",\"awslogs-stream-prefix\":\"ecs\"}},\"mountPoints\":[],\"name\":\"usml-app-container\",\"portMappings\":[{\"containerPort\":8081,\"hostPort\":8081,\"protocol\":\"tcp\"}],\"volumesFrom\":[]}]",
                            "cpu": "512",
                            "execution_role_arn": "arn:aws:iam::674520542290:role/ecsTaskExecutionRole",
                            "family": "usmltaskdef",
                            "id": "usmltaskdef",
                            "memory": "4096",
                            "network_mode": "awsvpc",
                            "placement_constraints.#": "0",
                            "proxy_configuration.#": "0",
                            "requires_compatibilities.#": "1",
                            "requires_compatibilities.3072437307": "FARGATE",
                            "revision": "3",
                            "tags.%": "0",
                            "task_role_arn": "",
                            "volume.#": "0"
                        },
                        "meta": {
                            "schema_version": "1"
                        },
                        "tainted": false
                    },
                    "deposed": [],
                    "provider": ""
                }
            },
            "depends_on": []
        }
    ]
}
